// !$*UTF8*$!
{
	archiveVersion = 1;
	classes = {
	};
	objectVersion = 56;
	objects = {

/* Begin PBXBuildFile section */
		A7925C71608277E44D838E67 /* Pods_Deezer_Clone.framework in Frameworks */ = {isa = PBXBuildFile; fileRef = 60BD225EE61D6F5CDDBE037F /* Pods_Deezer_Clone.framework */; };
		D33F33312A0B8B17003275B1 /* AppDelegate.swift in Sources */ = {isa = PBXBuildFile; fileRef = D33F33302A0B8B17003275B1 /* AppDelegate.swift */; };
		D33F33332A0B8B17003275B1 /* SceneDelegate.swift in Sources */ = {isa = PBXBuildFile; fileRef = D33F33322A0B8B17003275B1 /* SceneDelegate.swift */; };
		D33F33382A0B8B17003275B1 /* Main.storyboard in Resources */ = {isa = PBXBuildFile; fileRef = D33F33362A0B8B17003275B1 /* Main.storyboard */; };
		D33F333A2A0B8B19003275B1 /* Assets.xcassets in Resources */ = {isa = PBXBuildFile; fileRef = D33F33392A0B8B19003275B1 /* Assets.xcassets */; };
		D33F333D2A0B8B19003275B1 /* LaunchScreen.storyboard in Resources */ = {isa = PBXBuildFile; fileRef = D33F333B2A0B8B19003275B1 /* LaunchScreen.storyboard */; };
		D33F33482A0B8C74003275B1 /* Genre.swift in Sources */ = {isa = PBXBuildFile; fileRef = D33F33472A0B8C74003275B1 /* Genre.swift */; };
		D33F334F2A0B900D003275B1 /* APINetwork.swift in Sources */ = {isa = PBXBuildFile; fileRef = D33F334E2A0B900D003275B1 /* APINetwork.swift */; };
		D33F33512A0B902C003275B1 /* Constants.swift in Sources */ = {isa = PBXBuildFile; fileRef = D33F33502A0B902C003275B1 /* Constants.swift */; };
		D33F33532A0B944B003275B1 /* GenreViewModel.swift in Sources */ = {isa = PBXBuildFile; fileRef = D33F33522A0B944B003275B1 /* GenreViewModel.swift */; };
		D33F33552A0B9616003275B1 /* GenreListViewController.swift in Sources */ = {isa = PBXBuildFile; fileRef = D33F33542A0B9616003275B1 /* GenreListViewController.swift */; };
		D33F33572A0B97B5003275B1 /* UIView + Extension.swift in Sources */ = {isa = PBXBuildFile; fileRef = D33F33562A0B97B5003275B1 /* UIView + Extension.swift */; };
		D33F335A2A0B9A05003275B1 /* GenreViewController + Extensions.swift in Sources */ = {isa = PBXBuildFile; fileRef = D33F33592A0B9A05003275B1 /* GenreViewController + Extensions.swift */; };
		D33F335D2A0B9AD0003275B1 /* GenreCollectionViewCell.swift in Sources */ = {isa = PBXBuildFile; fileRef = D33F335C2A0B9AD0003275B1 /* GenreCollectionViewCell.swift */; };
		D33F335F2A0BBEF9003275B1 /* GenreArtistListViewController.swift in Sources */ = {isa = PBXBuildFile; fileRef = D33F335E2A0BBEF9003275B1 /* GenreArtistListViewController.swift */; };
		D35ADCE22A0BDA36005D2CB1 /* ArtistViewModel.swift in Sources */ = {isa = PBXBuildFile; fileRef = D35ADCE12A0BDA36005D2CB1 /* ArtistViewModel.swift */; };
		D35ADCE42A0BDCF1005D2CB1 /* GenreArtistCollectionViewCell.swift in Sources */ = {isa = PBXBuildFile; fileRef = D35ADCE32A0BDCF1005D2CB1 /* GenreArtistCollectionViewCell.swift */; };
		D35ADCE62A0BDD9E005D2CB1 /* GenreArtistListVC + Extension.swift in Sources */ = {isa = PBXBuildFile; fileRef = D35ADCE52A0BDD9E005D2CB1 /* GenreArtistListVC + Extension.swift */; };
		D35ADCE82A0BE488005D2CB1 /* Artist.swift in Sources */ = {isa = PBXBuildFile; fileRef = D35ADCE72A0BE488005D2CB1 /* Artist.swift */; };
		D35ADCEA2A0BECF7005D2CB1 /* ArtistAlbumViewController.swift in Sources */ = {isa = PBXBuildFile; fileRef = D35ADCE92A0BECF7005D2CB1 /* ArtistAlbumViewController.swift */; };
		D35ADCED2A0CFCAC005D2CB1 /* AlbumTableViewCell.swift in Sources */ = {isa = PBXBuildFile; fileRef = D35ADCEB2A0CFCAC005D2CB1 /* AlbumTableViewCell.swift */; };
		D35ADCEE2A0CFCAC005D2CB1 /* AlbumTableViewCell.xib in Resources */ = {isa = PBXBuildFile; fileRef = D35ADCEC2A0CFCAC005D2CB1 /* AlbumTableViewCell.xib */; };
		D35ADCF02A0D00BB005D2CB1 /* ArtistAlbumVC + Extension.swift in Sources */ = {isa = PBXBuildFile; fileRef = D35ADCEF2A0D00BB005D2CB1 /* ArtistAlbumVC + Extension.swift */; };
		D35ADCF22A0D1958005D2CB1 /* ArtistAlbumViewModel.swift in Sources */ = {isa = PBXBuildFile; fileRef = D35ADCF12A0D1958005D2CB1 /* ArtistAlbumViewModel.swift */; };
		D35ADCF62A0FBFA0005D2CB1 /* Album.swift in Sources */ = {isa = PBXBuildFile; fileRef = D35ADCF52A0FBFA0005D2CB1 /* Album.swift */; };
		D35ADCF82A0FC9A5005D2CB1 /* AlbumTracks.swift in Sources */ = {isa = PBXBuildFile; fileRef = D35ADCF72A0FC9A5005D2CB1 /* AlbumTracks.swift */; };
/* End PBXBuildFile section */

/* Begin PBXFileReference section */
		2BC2E3B130F3E4401954937C /* Pods-Deezer-Clone.release.xcconfig */ = {isa = PBXFileReference; includeInIndex = 1; lastKnownFileType = text.xcconfig; name = "Pods-Deezer-Clone.release.xcconfig"; path = "Target Support Files/Pods-Deezer-Clone/Pods-Deezer-Clone.release.xcconfig"; sourceTree = "<group>"; };
		50928F3343A1A49E25EFC433 /* Pods-Deezer-Clone.debug.xcconfig */ = {isa = PBXFileReference; includeInIndex = 1; lastKnownFileType = text.xcconfig; name = "Pods-Deezer-Clone.debug.xcconfig"; path = "Target Support Files/Pods-Deezer-Clone/Pods-Deezer-Clone.debug.xcconfig"; sourceTree = "<group>"; };
		60BD225EE61D6F5CDDBE037F /* Pods_Deezer_Clone.framework */ = {isa = PBXFileReference; explicitFileType = wrapper.framework; includeInIndex = 0; path = Pods_Deezer_Clone.framework; sourceTree = BUILT_PRODUCTS_DIR; };
		D33F332D2A0B8B17003275B1 /* Deezer-Clone.app */ = {isa = PBXFileReference; explicitFileType = wrapper.application; includeInIndex = 0; path = "Deezer-Clone.app"; sourceTree = BUILT_PRODUCTS_DIR; };
		D33F33302A0B8B17003275B1 /* AppDelegate.swift */ = {isa = PBXFileReference; lastKnownFileType = sourcecode.swift; path = AppDelegate.swift; sourceTree = "<group>"; };
		D33F33322A0B8B17003275B1 /* SceneDelegate.swift */ = {isa = PBXFileReference; lastKnownFileType = sourcecode.swift; path = SceneDelegate.swift; sourceTree = "<group>"; };
		D33F33372A0B8B17003275B1 /* Base */ = {isa = PBXFileReference; lastKnownFileType = file.storyboard; name = Base; path = Base.lproj/Main.storyboard; sourceTree = "<group>"; };
		D33F33392A0B8B19003275B1 /* Assets.xcassets */ = {isa = PBXFileReference; lastKnownFileType = folder.assetcatalog; path = Assets.xcassets; sourceTree = "<group>"; };
		D33F333C2A0B8B19003275B1 /* Base */ = {isa = PBXFileReference; lastKnownFileType = file.storyboard; name = Base; path = Base.lproj/LaunchScreen.storyboard; sourceTree = "<group>"; };
		D33F333E2A0B8B19003275B1 /* Info.plist */ = {isa = PBXFileReference; lastKnownFileType = text.plist.xml; path = Info.plist; sourceTree = "<group>"; };
		D33F33472A0B8C74003275B1 /* Genre.swift */ = {isa = PBXFileReference; lastKnownFileType = sourcecode.swift; path = Genre.swift; sourceTree = "<group>"; };
		D33F334E2A0B900D003275B1 /* APINetwork.swift */ = {isa = PBXFileReference; lastKnownFileType = sourcecode.swift; path = APINetwork.swift; sourceTree = "<group>"; };
		D33F33502A0B902C003275B1 /* Constants.swift */ = {isa = PBXFileReference; lastKnownFileType = sourcecode.swift; path = Constants.swift; sourceTree = "<group>"; };
		D33F33522A0B944B003275B1 /* GenreViewModel.swift */ = {isa = PBXFileReference; lastKnownFileType = sourcecode.swift; path = GenreViewModel.swift; sourceTree = "<group>"; };
		D33F33542A0B9616003275B1 /* GenreListViewController.swift */ = {isa = PBXFileReference; lastKnownFileType = sourcecode.swift; path = GenreListViewController.swift; sourceTree = "<group>"; };
		D33F33562A0B97B5003275B1 /* UIView + Extension.swift */ = {isa = PBXFileReference; lastKnownFileType = sourcecode.swift; path = "UIView + Extension.swift"; sourceTree = "<group>"; };
		D33F33592A0B9A05003275B1 /* GenreViewController + Extensions.swift */ = {isa = PBXFileReference; lastKnownFileType = sourcecode.swift; path = "GenreViewController + Extensions.swift"; sourceTree = "<group>"; };
		D33F335C2A0B9AD0003275B1 /* GenreCollectionViewCell.swift */ = {isa = PBXFileReference; lastKnownFileType = sourcecode.swift; path = GenreCollectionViewCell.swift; sourceTree = "<group>"; };
		D33F335E2A0BBEF9003275B1 /* GenreArtistListViewController.swift */ = {isa = PBXFileReference; lastKnownFileType = sourcecode.swift; path = GenreArtistListViewController.swift; sourceTree = "<group>"; };
		D35ADCE12A0BDA36005D2CB1 /* ArtistViewModel.swift */ = {isa = PBXFileReference; lastKnownFileType = sourcecode.swift; path = ArtistViewModel.swift; sourceTree = "<group>"; };
		D35ADCE32A0BDCF1005D2CB1 /* GenreArtistCollectionViewCell.swift */ = {isa = PBXFileReference; lastKnownFileType = sourcecode.swift; path = GenreArtistCollectionViewCell.swift; sourceTree = "<group>"; };
		D35ADCE52A0BDD9E005D2CB1 /* GenreArtistListVC + Extension.swift */ = {isa = PBXFileReference; lastKnownFileType = sourcecode.swift; path = "GenreArtistListVC + Extension.swift"; sourceTree = "<group>"; };
		D35ADCE72A0BE488005D2CB1 /* Artist.swift */ = {isa = PBXFileReference; lastKnownFileType = sourcecode.swift; path = Artist.swift; sourceTree = "<group>"; };
		D35ADCE92A0BECF7005D2CB1 /* ArtistAlbumViewController.swift */ = {isa = PBXFileReference; lastKnownFileType = sourcecode.swift; path = ArtistAlbumViewController.swift; sourceTree = "<group>"; };
		D35ADCEB2A0CFCAC005D2CB1 /* AlbumTableViewCell.swift */ = {isa = PBXFileReference; lastKnownFileType = sourcecode.swift; path = AlbumTableViewCell.swift; sourceTree = "<group>"; };
		D35ADCEC2A0CFCAC005D2CB1 /* AlbumTableViewCell.xib */ = {isa = PBXFileReference; lastKnownFileType = file.xib; path = AlbumTableViewCell.xib; sourceTree = "<group>"; };
		D35ADCEF2A0D00BB005D2CB1 /* ArtistAlbumVC + Extension.swift */ = {isa = PBXFileReference; lastKnownFileType = sourcecode.swift; path = "ArtistAlbumVC + Extension.swift"; sourceTree = "<group>"; };
		D35ADCF12A0D1958005D2CB1 /* ArtistAlbumViewModel.swift */ = {isa = PBXFileReference; lastKnownFileType = sourcecode.swift; path = ArtistAlbumViewModel.swift; sourceTree = "<group>"; };
		D35ADCF52A0FBFA0005D2CB1 /* Album.swift */ = {isa = PBXFileReference; lastKnownFileType = sourcecode.swift; path = Album.swift; sourceTree = "<group>"; };
		D35ADCF72A0FC9A5005D2CB1 /* AlbumTracks.swift */ = {isa = PBXFileReference; lastKnownFileType = sourcecode.swift; path = AlbumTracks.swift; sourceTree = "<group>"; };
/* End PBXFileReference section */

/* Begin PBXFrameworksBuildPhase section */
		D33F332A2A0B8B17003275B1 /* Frameworks */ = {
			isa = PBXFrameworksBuildPhase;
			buildActionMask = 2147483647;
			files = (
				A7925C71608277E44D838E67 /* Pods_Deezer_Clone.framework in Frameworks */,
			);
			runOnlyForDeploymentPostprocessing = 0;
		};
/* End PBXFrameworksBuildPhase section */

/* Begin PBXGroup section */
		4A3111E69FC7DDB63821233F /* Frameworks */ = {
			isa = PBXGroup;
			children = (
				60BD225EE61D6F5CDDBE037F /* Pods_Deezer_Clone.framework */,
			);
			name = Frameworks;
			sourceTree = "<group>";
		};
		D33F33242A0B8B17003275B1 = {
			isa = PBXGroup;
			children = (
				D33F332F2A0B8B17003275B1 /* Deezer-Clone */,
				D33F332E2A0B8B17003275B1 /* Products */,
				ECE87F5E59D3ECD01A568378 /* Pods */,
				4A3111E69FC7DDB63821233F /* Frameworks */,
			);
			sourceTree = "<group>";
		};
		D33F332E2A0B8B17003275B1 /* Products */ = {
			isa = PBXGroup;
			children = (
				D33F332D2A0B8B17003275B1 /* Deezer-Clone.app */,
			);
			name = Products;
			sourceTree = "<group>";
		};
		D33F332F2A0B8B17003275B1 /* Deezer-Clone */ = {
			isa = PBXGroup;
			children = (
				D33F335B2A0B9AB9003275B1 /* Cells */,
				D33F33582A0B99E6003275B1 /* Extensions */,
				D33F334D2A0B8FFF003275B1 /* Network */,
				D33F33462A0B8C6A003275B1 /* Model */,
				D33F33452A0B8C62003275B1 /* View */,
				D33F33442A0B8C59003275B1 /* ViewModel */,
				D33F33302A0B8B17003275B1 /* AppDelegate.swift */,
				D33F33322A0B8B17003275B1 /* SceneDelegate.swift */,
				D33F33362A0B8B17003275B1 /* Main.storyboard */,
				D33F33392A0B8B19003275B1 /* Assets.xcassets */,
				D33F333B2A0B8B19003275B1 /* LaunchScreen.storyboard */,
				D33F333E2A0B8B19003275B1 /* Info.plist */,
				D33F33502A0B902C003275B1 /* Constants.swift */,
			);
			path = "Deezer-Clone";
			sourceTree = "<group>";
		};
		D33F33442A0B8C59003275B1 /* ViewModel */ = {
			isa = PBXGroup;
			children = (
				D33F33522A0B944B003275B1 /* GenreViewModel.swift */,
				D35ADCE12A0BDA36005D2CB1 /* ArtistViewModel.swift */,
				D35ADCF12A0D1958005D2CB1 /* ArtistAlbumViewModel.swift */,
			);
			path = ViewModel;
			sourceTree = "<group>";
		};
		D33F33452A0B8C62003275B1 /* View */ = {
			isa = PBXGroup;
			children = (
				D33F33542A0B9616003275B1 /* GenreListViewController.swift */,
				D33F335E2A0BBEF9003275B1 /* GenreArtistListViewController.swift */,
				D35ADCE92A0BECF7005D2CB1 /* ArtistAlbumViewController.swift */,
			);
			path = View;
			sourceTree = "<group>";
		};
		D33F33462A0B8C6A003275B1 /* Model */ = {
			isa = PBXGroup;
			children = (
				D33F33472A0B8C74003275B1 /* Genre.swift */,
				D35ADCE72A0BE488005D2CB1 /* Artist.swift */,
				D35ADCF52A0FBFA0005D2CB1 /* Album.swift */,
				D35ADCF72A0FC9A5005D2CB1 /* AlbumTracks.swift */,
			);
			path = Model;
			sourceTree = "<group>";
		};
		D33F334D2A0B8FFF003275B1 /* Network */ = {
			isa = PBXGroup;
			children = (
				D33F334E2A0B900D003275B1 /* APINetwork.swift */,
			);
			path = Network;
			sourceTree = "<group>";
		};
		D33F33582A0B99E6003275B1 /* Extensions */ = {
			isa = PBXGroup;
			children = (
				D33F33562A0B97B5003275B1 /* UIView + Extension.swift */,
				D33F33592A0B9A05003275B1 /* GenreViewController + Extensions.swift */,
				D35ADCE52A0BDD9E005D2CB1 /* GenreArtistListVC + Extension.swift */,
				D35ADCEF2A0D00BB005D2CB1 /* ArtistAlbumVC + Extension.swift */,
			);
			path = Extensions;
			sourceTree = "<group>";
		};
		D33F335B2A0B9AB9003275B1 /* Cells */ = {
			isa = PBXGroup;
			children = (
				D33F335C2A0B9AD0003275B1 /* GenreCollectionViewCell.swift */,
				D35ADCE32A0BDCF1005D2CB1 /* GenreArtistCollectionViewCell.swift */,
				D35ADCEB2A0CFCAC005D2CB1 /* AlbumTableViewCell.swift */,
				D35ADCEC2A0CFCAC005D2CB1 /* AlbumTableViewCell.xib */,
			);
			path = Cells;
			sourceTree = "<group>";
		};
		ECE87F5E59D3ECD01A568378 /* Pods */ = {
			isa = PBXGroup;
			children = (
				50928F3343A1A49E25EFC433 /* Pods-Deezer-Clone.debug.xcconfig */,
				2BC2E3B130F3E4401954937C /* Pods-Deezer-Clone.release.xcconfig */,
			);
			path = Pods;
			sourceTree = "<group>";
		};
/* End PBXGroup section */

/* Begin PBXNativeTarget section */
		D33F332C2A0B8B17003275B1 /* Deezer-Clone */ = {
			isa = PBXNativeTarget;
			buildConfigurationList = D33F33412A0B8B19003275B1 /* Build configuration list for PBXNativeTarget "Deezer-Clone" */;
			buildPhases = (
				81DA5F0E8F7069D58E1E25C2 /* [CP] Check Pods Manifest.lock */,
				D33F33292A0B8B17003275B1 /* Sources */,
				D33F332A2A0B8B17003275B1 /* Frameworks */,
				D33F332B2A0B8B17003275B1 /* Resources */,
				6AB5414FE96AF5248D9C0F9F /* [CP] Embed Pods Frameworks */,
			);
			buildRules = (
			);
			dependencies = (
			);
			name = "Deezer-Clone";
			productName = "Deezer-Clone";
			productReference = D33F332D2A0B8B17003275B1 /* Deezer-Clone.app */;
			productType = "com.apple.product-type.application";
		};
/* End PBXNativeTarget section */

/* Begin PBXProject section */
		D33F33252A0B8B17003275B1 /* Project object */ = {
			isa = PBXProject;
			attributes = {
				BuildIndependentTargetsInParallel = 1;
				LastSwiftUpdateCheck = 1420;
				LastUpgradeCheck = 1420;
				TargetAttributes = {
					D33F332C2A0B8B17003275B1 = {
						CreatedOnToolsVersion = 14.2;
					};
				};
			};
			buildConfigurationList = D33F33282A0B8B17003275B1 /* Build configuration list for PBXProject "Deezer-Clone" */;
			compatibilityVersion = "Xcode 14.0";
			developmentRegion = en;
			hasScannedForEncodings = 0;
			knownRegions = (
				en,
				Base,
			);
			mainGroup = D33F33242A0B8B17003275B1;
			productRefGroup = D33F332E2A0B8B17003275B1 /* Products */;
			projectDirPath = "";
			projectRoot = "";
			targets = (
				D33F332C2A0B8B17003275B1 /* Deezer-Clone */,
			);
		};
/* End PBXProject section */

/* Begin PBXResourcesBuildPhase section */
		D33F332B2A0B8B17003275B1 /* Resources */ = {
			isa = PBXResourcesBuildPhase;
			buildActionMask = 2147483647;
			files = (
				D35ADCEE2A0CFCAC005D2CB1 /* AlbumTableViewCell.xib in Resources */,
				D33F333D2A0B8B19003275B1 /* LaunchScreen.storyboard in Resources */,
				D33F333A2A0B8B19003275B1 /* Assets.xcassets in Resources */,
				D33F33382A0B8B17003275B1 /* Main.storyboard in Resources */,
			);
			runOnlyForDeploymentPostprocessing = 0;
		};
/* End PBXResourcesBuildPhase section */

/* Begin PBXShellScriptBuildPhase section */
		6AB5414FE96AF5248D9C0F9F /* [CP] Embed Pods Frameworks */ = {
			isa = PBXShellScriptBuildPhase;
			buildActionMask = 2147483647;
			files = (
			);
			inputFileListPaths = (
				"${PODS_ROOT}/Target Support Files/Pods-Deezer-Clone/Pods-Deezer-Clone-frameworks-${CONFIGURATION}-input-files.xcfilelist",
			);
			name = "[CP] Embed Pods Frameworks";
			outputFileListPaths = (
				"${PODS_ROOT}/Target Support Files/Pods-Deezer-Clone/Pods-Deezer-Clone-frameworks-${CONFIGURATION}-output-files.xcfilelist",
			);
			runOnlyForDeploymentPostprocessing = 0;
			shellPath = /bin/sh;
			shellScript = "\"${PODS_ROOT}/Target Support Files/Pods-Deezer-Clone/Pods-Deezer-Clone-frameworks.sh\"\n";
			showEnvVarsInLog = 0;
		};
		81DA5F0E8F7069D58E1E25C2 /* [CP] Check Pods Manifest.lock */ = {
			isa = PBXShellScriptBuildPhase;
			buildActionMask = 2147483647;
			files = (
			);
			inputFileListPaths = (
			);
			inputPaths = (
				"${PODS_PODFILE_DIR_PATH}/Podfile.lock",
				"${PODS_ROOT}/Manifest.lock",
			);
			name = "[CP] Check Pods Manifest.lock";
			outputFileListPaths = (
			);
			outputPaths = (
				"$(DERIVED_FILE_DIR)/Pods-Deezer-Clone-checkManifestLockResult.txt",
			);
			runOnlyForDeploymentPostprocessing = 0;
			shellPath = /bin/sh;
			shellScript = "diff \"${PODS_PODFILE_DIR_PATH}/Podfile.lock\" \"${PODS_ROOT}/Manifest.lock\" > /dev/null\nif [ $? != 0 ] ; then\n    # print error to STDERR\n    echo \"error: The sandbox is not in sync with the Podfile.lock. Run 'pod install' or update your CocoaPods installation.\" >&2\n    exit 1\nfi\n# This output is used by Xcode 'outputs' to avoid re-running this script phase.\necho \"SUCCESS\" > \"${SCRIPT_OUTPUT_FILE_0}\"\n";
			showEnvVarsInLog = 0;
		};
/* End PBXShellScriptBuildPhase section */

/* Begin PBXSourcesBuildPhase section */
		D33F33292A0B8B17003275B1 /* Sources */ = {
			isa = PBXSourcesBuildPhase;
			buildActionMask = 2147483647;
			files = (
				D35ADCE42A0BDCF1005D2CB1 /* GenreArtistCollectionViewCell.swift in Sources */,
				D33F33312A0B8B17003275B1 /* AppDelegate.swift in Sources */,
				D35ADCE82A0BE488005D2CB1 /* Artist.swift in Sources */,
				D33F334F2A0B900D003275B1 /* APINetwork.swift in Sources */,
				D35ADCF82A0FC9A5005D2CB1 /* AlbumTracks.swift in Sources */,
				D35ADCF22A0D1958005D2CB1 /* ArtistAlbumViewModel.swift in Sources */,
				D35ADCF62A0FBFA0005D2CB1 /* Album.swift in Sources */,
				D33F33332A0B8B17003275B1 /* SceneDelegate.swift in Sources */,
				D33F33532A0B944B003275B1 /* GenreViewModel.swift in Sources */,
				D35ADCED2A0CFCAC005D2CB1 /* AlbumTableViewCell.swift in Sources */,
				D33F335D2A0B9AD0003275B1 /* GenreCollectionViewCell.swift in Sources */,
				D33F335F2A0BBEF9003275B1 /* GenreArtistListViewController.swift in Sources */,
				D33F33482A0B8C74003275B1 /* Genre.swift in Sources */,
				D35ADCEA2A0BECF7005D2CB1 /* ArtistAlbumViewController.swift in Sources */,
				D33F33552A0B9616003275B1 /* GenreListViewController.swift in Sources */,
				D35ADCE62A0BDD9E005D2CB1 /* GenreArtistListVC + Extension.swift in Sources */,
				D33F33572A0B97B5003275B1 /* UIView + Extension.swift in Sources */,
				D35ADCE22A0BDA36005D2CB1 /* ArtistViewModel.swift in Sources */,
				D35ADCF02A0D00BB005D2CB1 /* ArtistAlbumVC + Extension.swift in Sources */,
				D33F335A2A0B9A05003275B1 /* GenreViewController + Extensions.swift in Sources */,
				D33F33512A0B902C003275B1 /* Constants.swift in Sources */,
			);
			runOnlyForDeploymentPostprocessing = 0;
		};
/* End PBXSourcesBuildPhase section */

/* Begin PBXVariantGroup section */
		D33F33362A0B8B17003275B1 /* Main.storyboard */ = {
			isa = PBXVariantGroup;
			children = (
				D33F33372A0B8B17003275B1 /* Base */,
			);
			name = Main.storyboard;
			sourceTree = "<group>";
		};
		D33F333B2A0B8B19003275B1 /* LaunchScreen.storyboard */ = {
			isa = PBXVariantGroup;
			children = (
				D33F333C2A0B8B19003275B1 /* Base */,
			);
			name = LaunchScreen.storyboard;
			sourceTree = "<group>";
		};
/* End PBXVariantGroup section */

/* Begin XCBuildConfiguration section */
		D33F333F2A0B8B19003275B1 /* Debug */ = {
			isa = XCBuildConfiguration;
			buildSettings = {
				ALWAYS_SEARCH_USER_PATHS = NO;
				CLANG_ANALYZER_NONNULL = YES;
				CLANG_ANALYZER_NUMBER_OBJECT_CONVERSION = YES_AGGRESSIVE;
				CLANG_CXX_LANGUAGE_STANDARD = "gnu++20";
				CLANG_ENABLE_MODULES = YES;
				CLANG_ENABLE_OBJC_ARC = YES;
				CLANG_ENABLE_OBJC_WEAK = YES;
				CLANG_WARN_BLOCK_CAPTURE_AUTORELEASING = YES;
				CLANG_WARN_BOOL_CONVERSION = YES;
				CLANG_WARN_COMMA = YES;
				CLANG_WARN_CONSTANT_CONVERSION = YES;
				CLANG_WARN_DEPRECATED_OBJC_IMPLEMENTATIONS = YES;
				CLANG_WARN_DIRECT_OBJC_ISA_USAGE = YES_ERROR;
				CLANG_WARN_DOCUMENTATION_COMMENTS = YES;
				CLANG_WARN_EMPTY_BODY = YES;
				CLANG_WARN_ENUM_CONVERSION = YES;
				CLANG_WARN_INFINITE_RECURSION = YES;
				CLANG_WARN_INT_CONVERSION = YES;
				CLANG_WARN_NON_LITERAL_NULL_CONVERSION = YES;
				CLANG_WARN_OBJC_IMPLICIT_RETAIN_SELF = YES;
				CLANG_WARN_OBJC_LITERAL_CONVERSION = YES;
				CLANG_WARN_OBJC_ROOT_CLASS = YES_ERROR;
				CLANG_WARN_QUOTED_INCLUDE_IN_FRAMEWORK_HEADER = YES;
				CLANG_WARN_RANGE_LOOP_ANALYSIS = YES;
				CLANG_WARN_STRICT_PROTOTYPES = YES;
				CLANG_WARN_SUSPICIOUS_MOVE = YES;
				CLANG_WARN_UNGUARDED_AVAILABILITY = YES_AGGRESSIVE;
				CLANG_WARN_UNREACHABLE_CODE = YES;
				CLANG_WARN__DUPLICATE_METHOD_MATCH = YES;
				COPY_PHASE_STRIP = NO;
				DEBUG_INFORMATION_FORMAT = dwarf;
				ENABLE_STRICT_OBJC_MSGSEND = YES;
				ENABLE_TESTABILITY = YES;
				GCC_C_LANGUAGE_STANDARD = gnu11;
				GCC_DYNAMIC_NO_PIC = NO;
				GCC_NO_COMMON_BLOCKS = YES;
				GCC_OPTIMIZATION_LEVEL = 0;
				GCC_PREPROCESSOR_DEFINITIONS = (
					"DEBUG=1",
					"$(inherited)",
				);
				GCC_WARN_64_TO_32_BIT_CONVERSION = YES;
				GCC_WARN_ABOUT_RETURN_TYPE = YES_ERROR;
				GCC_WARN_UNDECLARED_SELECTOR = YES;
				GCC_WARN_UNINITIALIZED_AUTOS = YES_AGGRESSIVE;
				GCC_WARN_UNUSED_FUNCTION = YES;
				GCC_WARN_UNUSED_VARIABLE = YES;
				IPHONEOS_DEPLOYMENT_TARGET = 16.2;
				MTL_ENABLE_DEBUG_INFO = INCLUDE_SOURCE;
				MTL_FAST_MATH = YES;
				ONLY_ACTIVE_ARCH = YES;
				SDKROOT = iphoneos;
				SWIFT_ACTIVE_COMPILATION_CONDITIONS = DEBUG;
				SWIFT_OPTIMIZATION_LEVEL = "-Onone";
			};
			name = Debug;
		};
		D33F33402A0B8B19003275B1 /* Release */ = {
			isa = XCBuildConfiguration;
			buildSettings = {
				ALWAYS_SEARCH_USER_PATHS = NO;
				CLANG_ANALYZER_NONNULL = YES;
				CLANG_ANALYZER_NUMBER_OBJECT_CONVERSION = YES_AGGRESSIVE;
				CLANG_CXX_LANGUAGE_STANDARD = "gnu++20";
				CLANG_ENABLE_MODULES = YES;
				CLANG_ENABLE_OBJC_ARC = YES;
				CLANG_ENABLE_OBJC_WEAK = YES;
				CLANG_WARN_BLOCK_CAPTURE_AUTORELEASING = YES;
				CLANG_WARN_BOOL_CONVERSION = YES;
				CLANG_WARN_COMMA = YES;
				CLANG_WARN_CONSTANT_CONVERSION = YES;
				CLANG_WARN_DEPRECATED_OBJC_IMPLEMENTATIONS = YES;
				CLANG_WARN_DIRECT_OBJC_ISA_USAGE = YES_ERROR;
				CLANG_WARN_DOCUMENTATION_COMMENTS = YES;
				CLANG_WARN_EMPTY_BODY = YES;
				CLANG_WARN_ENUM_CONVERSION = YES;
				CLANG_WARN_INFINITE_RECURSION = YES;
				CLANG_WARN_INT_CONVERSION = YES;
				CLANG_WARN_NON_LITERAL_NULL_CONVERSION = YES;
				CLANG_WARN_OBJC_IMPLICIT_RETAIN_SELF = YES;
				CLANG_WARN_OBJC_LITERAL_CONVERSION = YES;
				CLANG_WARN_OBJC_ROOT_CLASS = YES_ERROR;
				CLANG_WARN_QUOTED_INCLUDE_IN_FRAMEWORK_HEADER = YES;
				CLANG_WARN_RANGE_LOOP_ANALYSIS = YES;
				CLANG_WARN_STRICT_PROTOTYPES = YES;
				CLANG_WARN_SUSPICIOUS_MOVE = YES;
				CLANG_WARN_UNGUARDED_AVAILABILITY = YES_AGGRESSIVE;
				CLANG_WARN_UNREACHABLE_CODE = YES;
				CLANG_WARN__DUPLICATE_METHOD_MATCH = YES;
				COPY_PHASE_STRIP = NO;
				DEBUG_INFORMATION_FORMAT = "dwarf-with-dsym";
				ENABLE_NS_ASSERTIONS = NO;
				ENABLE_STRICT_OBJC_MSGSEND = YES;
				GCC_C_LANGUAGE_STANDARD = gnu11;
				GCC_NO_COMMON_BLOCKS = YES;
				GCC_WARN_64_TO_32_BIT_CONVERSION = YES;
				GCC_WARN_ABOUT_RETURN_TYPE = YES_ERROR;
				GCC_WARN_UNDECLARED_SELECTOR = YES;
				GCC_WARN_UNINITIALIZED_AUTOS = YES_AGGRESSIVE;
				GCC_WARN_UNUSED_FUNCTION = YES;
				GCC_WARN_UNUSED_VARIABLE = YES;
				IPHONEOS_DEPLOYMENT_TARGET = 16.2;
				MTL_ENABLE_DEBUG_INFO = NO;
				MTL_FAST_MATH = YES;
				SDKROOT = iphoneos;
				SWIFT_COMPILATION_MODE = wholemodule;
				SWIFT_OPTIMIZATION_LEVEL = "-O";
				VALIDATE_PRODUCT = YES;
			};
			name = Release;
		};
		D33F33422A0B8B19003275B1 /* Debug */ = {
			isa = XCBuildConfiguration;
			baseConfigurationReference = 50928F3343A1A49E25EFC433 /* Pods-Deezer-Clone.debug.xcconfig */;
			buildSettings = {
				ASSETCATALOG_COMPILER_APPICON_NAME = AppIcon;
				ASSETCATALOG_COMPILER_GLOBAL_ACCENT_COLOR_NAME = AccentColor;
				CODE_SIGN_STYLE = Automatic;
				CURRENT_PROJECT_VERSION = 1;
				DEVELOPMENT_TEAM = 8TRXM8F5W6;
				GENERATE_INFOPLIST_FILE = YES;
				INFOPLIST_FILE = "Deezer-Clone/Info.plist";
				INFOPLIST_KEY_UIApplicationSupportsIndirectInputEvents = YES;
				INFOPLIST_KEY_UILaunchStoryboardName = LaunchScreen;
				INFOPLIST_KEY_UIMainStoryboardFile = Main;
				INFOPLIST_KEY_UISupportedInterfaceOrientations = UIInterfaceOrientationPortrait;
				INFOPLIST_KEY_UISupportedInterfaceOrientations_iPad = "UIInterfaceOrientationLandscapeLeft UIInterfaceOrientationLandscapeRight UIInterfaceOrientationPortrait UIInterfaceOrientationPortraitUpsideDown";
				LD_RUNPATH_SEARCH_PATHS = (
					"$(inherited)",
					"@executable_path/Frameworks",
				);
				MARKETING_VERSION = 1.0;
				PRODUCT_BUNDLE_IDENTIFIER = "com.mehmetkaan.Deezer-Clone";
				PRODUCT_NAME = "$(TARGET_NAME)";
				SWIFT_EMIT_LOC_STRINGS = YES;
				SWIFT_VERSION = 5.0;
				TARGETED_DEVICE_FAMILY = "1,2";
			};
			name = Debug;
		};
		D33F33432A0B8B19003275B1 /* Release */ = {
			isa = XCBuildConfiguration;
			baseConfigurationReference = 2BC2E3B130F3E4401954937C /* Pods-Deezer-Clone.release.xcconfig */;
			buildSettings = {
				ASSETCATALOG_COMPILER_APPICON_NAME = AppIcon;
				ASSETCATALOG_COMPILER_GLOBAL_ACCENT_COLOR_NAME = AccentColor;
				CODE_SIGN_STYLE = Automatic;
				CURRENT_PROJECT_VERSION = 1;
				DEVELOPMENT_TEAM = 8TRXM8F5W6;
				GENERATE_INFOPLIST_FILE = YES;
				INFOPLIST_FILE = "Deezer-Clone/Info.plist";
				INFOPLIST_KEY_UIApplicationSupportsIndirectInputEvents = YES;
				INFOPLIST_KEY_UILaunchStoryboardName = LaunchScreen;
				INFOPLIST_KEY_UIMainStoryboardFile = Main;
				INFOPLIST_KEY_UISupportedInterfaceOrientations = UIInterfaceOrientationPortrait;
				INFOPLIST_KEY_UISupportedInterfaceOrientations_iPad = "UIInterfaceOrientationLandscapeLeft UIInterfaceOrientationLandscapeRight UIInterfaceOrientationPortrait UIInterfaceOrientationPortraitUpsideDown";
				LD_RUNPATH_SEARCH_PATHS = (
					"$(inherited)",
					"@executable_path/Frameworks",
				);
				MARKETING_VERSION = 1.0;
				PRODUCT_BUNDLE_IDENTIFIER = "com.mehmetkaan.Deezer-Clone";
				PRODUCT_NAME = "$(TARGET_NAME)";
				SWIFT_EMIT_LOC_STRINGS = YES;
				SWIFT_VERSION = 5.0;
				TARGETED_DEVICE_FAMILY = "1,2";
			};
			name = Release;
		};
/* End XCBuildConfiguration section */

/* Begin XCConfigurationList section */
		D33F33282A0B8B17003275B1 /* Build configuration list for PBXProject "Deezer-Clone" */ = {
			isa = XCConfigurationList;
			buildConfigurations = (
				D33F333F2A0B8B19003275B1 /* Debug */,
				D33F33402A0B8B19003275B1 /* Release */,
			);
			defaultConfigurationIsVisible = 0;
			defaultConfigurationName = Release;
		};
		D33F33412A0B8B19003275B1 /* Build configuration list for PBXNativeTarget "Deezer-Clone" */ = {
			isa = XCConfigurationList;
			buildConfigurations = (
				D33F33422A0B8B19003275B1 /* Debug */,
				D33F33432A0B8B19003275B1 /* Release */,
			);
			defaultConfigurationIsVisible = 0;
			defaultConfigurationName = Release;
		};
/* End XCConfigurationList section */
	};
	rootObject = D33F33252A0B8B17003275B1 /* Project object */;
}
